// !$*UTF8*$!
{
	archiveVersion = 1;
	classes = {
	};
	objectVersion = 46;
	objects = {

/* Begin PBXBuildFile section */
		9F07184E1CA5652F00813262 /* Constants.swift in Sources */ = {isa = PBXBuildFile; fileRef = 9F07184D1CA5652F00813262 /* Constants.swift */; };
		9F4F9C691C92DD2A0028FBA4 /* AppDelegate.swift in Sources */ = {isa = PBXBuildFile; fileRef = 9F4F9C681C92DD2A0028FBA4 /* AppDelegate.swift */; };
		9F4F9C6B1C92DD2B0028FBA4 /* ViewController.swift in Sources */ = {isa = PBXBuildFile; fileRef = 9F4F9C6A1C92DD2B0028FBA4 /* ViewController.swift */; };
		9F4F9C701C92DD2B0028FBA4 /* Assets.xcassets in Resources */ = {isa = PBXBuildFile; fileRef = 9F4F9C6F1C92DD2B0028FBA4 /* Assets.xcassets */; };
		9F4F9C731C92DD2B0028FBA4 /* LaunchScreen.storyboard in Resources */ = {isa = PBXBuildFile; fileRef = 9F4F9C711C92DD2B0028FBA4 /* LaunchScreen.storyboard */; };
		9F4F9C7B1C94DED50028FBA4 /* pokemon.csv in Resources */ = {isa = PBXBuildFile; fileRef = 9F4F9C7A1C94DED50028FBA4 /* pokemon.csv */; };
		9F4F9C7E1C98B9060028FBA4 /* Pokemon.swift in Sources */ = {isa = PBXBuildFile; fileRef = 9F4F9C7D1C98B9060028FBA4 /* Pokemon.swift */; };
		9F4F9C831C9A60BE0028FBA4 /* PokeCell.swift in Sources */ = {isa = PBXBuildFile; fileRef = 9F4F9C821C9A60BE0028FBA4 /* PokeCell.swift */; };
		9F4F9C851C9A80040028FBA4 /* csv.swift in Sources */ = {isa = PBXBuildFile; fileRef = 9F4F9C841C9A80040028FBA4 /* csv.swift */; };
		9F4F9C8B1C9A92E60028FBA4 /* Pokemon.ttf in Resources */ = {isa = PBXBuildFile; fileRef = 9F4F9C8A1C9A92E60028FBA4 /* Pokemon.ttf */; };
		9F4F9C8D1C9A9F210028FBA4 /* music.mp3 in Resources */ = {isa = PBXBuildFile; fileRef = 9F4F9C8C1C9A9F210028FBA4 /* music.mp3 */; };
		9F4F9C8F1CA0CAB00028FBA4 /* PokemonDetailVC.swift in Sources */ = {isa = PBXBuildFile; fileRef = 9F4F9C8E1CA0CAB00028FBA4 /* PokemonDetailVC.swift */; };
		9F4F9C921CA0E30B0028FBA4 /* Main.storyboard in Resources */ = {isa = PBXBuildFile; fileRef = 9F4F9C901CA0E30B0028FBA4 /* Main.storyboard */; };
		D7F995F766DED52976011738 /* Pods_Pokedex.framework in Frameworks */ = {isa = PBXBuildFile; fileRef = 6586B3EFB42B9143AA9DB4DF /* Pods_Pokedex.framework */; };
/* End PBXBuildFile section */

/* Begin PBXFileReference section */
		5033AF20653F5EF6767BEBE5 /* Pods-Pokedex.debug.xcconfig */ = {isa = PBXFileReference; includeInIndex = 1; lastKnownFileType = text.xcconfig; name = "Pods-Pokedex.debug.xcconfig"; path = "Pods/Target Support Files/Pods-Pokedex/Pods-Pokedex.debug.xcconfig"; sourceTree = "<group>"; };
		6586B3EFB42B9143AA9DB4DF /* Pods_Pokedex.framework */ = {isa = PBXFileReference; explicitFileType = wrapper.framework; includeInIndex = 0; path = Pods_Pokedex.framework; sourceTree = BUILT_PRODUCTS_DIR; };
		72DDED1DA782B027487BF682 /* Pods-Pokedex.release.xcconfig */ = {isa = PBXFileReference; includeInIndex = 1; lastKnownFileType = text.xcconfig; name = "Pods-Pokedex.release.xcconfig"; path = "Pods/Target Support Files/Pods-Pokedex/Pods-Pokedex.release.xcconfig"; sourceTree = "<group>"; };
		9F07184D1CA5652F00813262 /* Constants.swift */ = {isa = PBXFileReference; fileEncoding = 4; lastKnownFileType = sourcecode.swift; path = Constants.swift; sourceTree = "<group>"; };
		9F4F9C651C92DD2A0028FBA4 /* Pokedex.app */ = {isa = PBXFileReference; explicitFileType = wrapper.application; includeInIndex = 0; path = Pokedex.app; sourceTree = BUILT_PRODUCTS_DIR; };
		9F4F9C681C92DD2A0028FBA4 /* AppDelegate.swift */ = {isa = PBXFileReference; lastKnownFileType = sourcecode.swift; path = AppDelegate.swift; sourceTree = "<group>"; };
		9F4F9C6A1C92DD2B0028FBA4 /* ViewController.swift */ = {isa = PBXFileReference; lastKnownFileType = sourcecode.swift; path = ViewController.swift; sourceTree = "<group>"; };
		9F4F9C6F1C92DD2B0028FBA4 /* Assets.xcassets */ = {isa = PBXFileReference; lastKnownFileType = folder.assetcatalog; path = Assets.xcassets; sourceTree = "<group>"; };
		9F4F9C721C92DD2B0028FBA4 /* Base */ = {isa = PBXFileReference; lastKnownFileType = file.storyboard; name = Base; path = Base.lproj/LaunchScreen.storyboard; sourceTree = "<group>"; };
		9F4F9C741C92DD2B0028FBA4 /* Info.plist */ = {isa = PBXFileReference; lastKnownFileType = text.plist.xml; path = Info.plist; sourceTree = "<group>"; };
		9F4F9C7A1C94DED50028FBA4 /* pokemon.csv */ = {isa = PBXFileReference; fileEncoding = 4; lastKnownFileType = text; path = pokemon.csv; sourceTree = "<group>"; };
		9F4F9C7D1C98B9060028FBA4 /* Pokemon.swift */ = {isa = PBXFileReference; fileEncoding = 4; lastKnownFileType = sourcecode.swift; path = Pokemon.swift; sourceTree = "<group>"; };
		9F4F9C821C9A60BE0028FBA4 /* PokeCell.swift */ = {isa = PBXFileReference; fileEncoding = 4; lastKnownFileType = sourcecode.swift; path = PokeCell.swift; sourceTree = "<group>"; };
		9F4F9C841C9A80040028FBA4 /* csv.swift */ = {isa = PBXFileReference; fileEncoding = 4; lastKnownFileType = sourcecode.swift; path = csv.swift; sourceTree = "<group>"; };
		9F4F9C8A1C9A92E60028FBA4 /* Pokemon.ttf */ = {isa = PBXFileReference; lastKnownFileType = file; path = Pokemon.ttf; sourceTree = "<group>"; };
		9F4F9C8C1C9A9F210028FBA4 /* music.mp3 */ = {isa = PBXFileReference; lastKnownFileType = audio.mp3; path = music.mp3; sourceTree = "<group>"; };
		9F4F9C8E1CA0CAB00028FBA4 /* PokemonDetailVC.swift */ = {isa = PBXFileReference; fileEncoding = 4; lastKnownFileType = sourcecode.swift; path = PokemonDetailVC.swift; sourceTree = "<group>"; };
		9F4F9C911CA0E30B0028FBA4 /* Base */ = {isa = PBXFileReference; lastKnownFileType = file.storyboard; name = Base; path = Pokedex/Base.lproj/Main.storyboard; sourceTree = "<group>"; };
/* End PBXFileReference section */

/* Begin PBXFrameworksBuildPhase section */
		9F4F9C621C92DD2A0028FBA4 /* Frameworks */ = {
			isa = PBXFrameworksBuildPhase;
			buildActionMask = 2147483647;
			files = (
				D7F995F766DED52976011738 /* Pods_Pokedex.framework in Frameworks */,
			);
			runOnlyForDeploymentPostprocessing = 0;
		};
/* End PBXFrameworksBuildPhase section */

/* Begin PBXGroup section */
		3A0774BBBCE2C04BF32C8E7D /* Frameworks */ = {
			isa = PBXGroup;
			children = (
				6586B3EFB42B9143AA9DB4DF /* Pods_Pokedex.framework */,
			);
			name = Frameworks;
			sourceTree = "<group>";
		};
		9F4F9C5C1C92DD2A0028FBA4 = {
			isa = PBXGroup;
			children = (
				9F4F9C671C92DD2A0028FBA4 /* Pokedex */,
				9F4F9C661C92DD2A0028FBA4 /* Products */,
				A13869BD07FAF665F31176A4 /* Pods */,
				3A0774BBBCE2C04BF32C8E7D /* Frameworks */,
			);
			sourceTree = "<group>";
		};
		9F4F9C661C92DD2A0028FBA4 /* Products */ = {
			isa = PBXGroup;
			children = (
				9F4F9C651C92DD2A0028FBA4 /* Pokedex.app */,
			);
			name = Products;
			sourceTree = "<group>";
		};
		9F4F9C671C92DD2A0028FBA4 /* Pokedex */ = {
			isa = PBXGroup;
			children = (
				9F4F9C7C1C94E62E0028FBA4 /* Model  */,
				9F4F9C7F1C9A5FE60028FBA4 /* View */,
				9F4F9C881C9A80840028FBA4 /* Controller */,
				9F4F9C861C9A80230028FBA4 /* util */,
				9F4F9C891C9A80920028FBA4 /* Resources */,
				9F4F9C681C92DD2A0028FBA4 /* AppDelegate.swift */,
				9F4F9C6F1C92DD2B0028FBA4 /* Assets.xcassets */,
				9F4F9C711C92DD2B0028FBA4 /* LaunchScreen.storyboard */,
				9F4F9C901CA0E30B0028FBA4 /* Main.storyboard */,
				9F4F9C741C92DD2B0028FBA4 /* Info.plist */,
			);
			path = Pokedex;
			sourceTree = "<group>";
		};
		9F4F9C7C1C94E62E0028FBA4 /* Model  */ = {
			isa = PBXGroup;
			children = (
				9F4F9C7D1C98B9060028FBA4 /* Pokemon.swift */,
			);
			name = "Model ";
			sourceTree = "<group>";
		};
		9F4F9C7F1C9A5FE60028FBA4 /* View */ = {
			isa = PBXGroup;
			children = (
				9F4F9C821C9A60BE0028FBA4 /* PokeCell.swift */,
			);
			name = View;
			sourceTree = "<group>";
		};
		9F4F9C861C9A80230028FBA4 /* util */ = {
			isa = PBXGroup;
			children = (
				9F4F9C841C9A80040028FBA4 /* csv.swift */,
				9F07184D1CA5652F00813262 /* Constants.swift */,
			);
			name = util;
			sourceTree = "<group>";
		};
		9F4F9C881C9A80840028FBA4 /* Controller */ = {
			isa = PBXGroup;
			children = (
				9F4F9C6A1C92DD2B0028FBA4 /* ViewController.swift */,
				9F4F9C8E1CA0CAB00028FBA4 /* PokemonDetailVC.swift */,
			);
			name = Controller;
			sourceTree = "<group>";
		};
		9F4F9C891C9A80920028FBA4 /* Resources */ = {
			isa = PBXGroup;
			children = (
				9F4F9C8A1C9A92E60028FBA4 /* Pokemon.ttf */,
				9F4F9C7A1C94DED50028FBA4 /* pokemon.csv */,
				9F4F9C8C1C9A9F210028FBA4 /* music.mp3 */,
			);
			name = Resources;
			sourceTree = "<group>";
		};
		A13869BD07FAF665F31176A4 /* Pods */ = {
			isa = PBXGroup;
			children = (
				5033AF20653F5EF6767BEBE5 /* Pods-Pokedex.debug.xcconfig */,
				72DDED1DA782B027487BF682 /* Pods-Pokedex.release.xcconfig */,
			);
			name = Pods;
			sourceTree = "<group>";
		};
/* End PBXGroup section */

/* Begin PBXNativeTarget section */
		9F4F9C641C92DD2A0028FBA4 /* Pokedex */ = {
			isa = PBXNativeTarget;
			buildConfigurationList = 9F4F9C771C92DD2B0028FBA4 /* Build configuration list for PBXNativeTarget "Pokedex" */;
			buildPhases = (
				D99D332EB23FA000C5672854 /* [CP] Check Pods Manifest.lock */,
				9F4F9C611C92DD2A0028FBA4 /* Sources */,
				9F4F9C621C92DD2A0028FBA4 /* Frameworks */,
				9F4F9C631C92DD2A0028FBA4 /* Resources */,
				FCEB4A8284C95D042F112A67 /* [CP] Embed Pods Frameworks */,
				59E625FC9C3AF94A1F2D2BEE /* [CP] Copy Pods Resources */,
			);
			buildRules = (
			);
			dependencies = (
			);
			name = Pokedex;
			productName = Pokedex;
			productReference = 9F4F9C651C92DD2A0028FBA4 /* Pokedex.app */;
			productType = "com.apple.product-type.application";
		};
/* End PBXNativeTarget section */

/* Begin PBXProject section */
		9F4F9C5D1C92DD2A0028FBA4 /* Project object */ = {
			isa = PBXProject;
			attributes = {
				LastSwiftUpdateCheck = 0720;
				LastUpgradeCheck = 0720;
				ORGANIZATIONNAME = "Javid Poornasir";
				TargetAttributes = {
					9F4F9C641C92DD2A0028FBA4 = {
						CreatedOnToolsVersion = 7.2.1;
						DevelopmentTeam = VWFZU9229C;
						LastSwiftMigration = 0800;
					};
				};
			};
			buildConfigurationList = 9F4F9C601C92DD2A0028FBA4 /* Build configuration list for PBXProject "Pokedex" */;
			compatibilityVersion = "Xcode 3.2";
			developmentRegion = English;
			hasScannedForEncodings = 0;
			knownRegions = (
				en,
				Base,
			);
			mainGroup = 9F4F9C5C1C92DD2A0028FBA4;
			productRefGroup = 9F4F9C661C92DD2A0028FBA4 /* Products */;
			projectDirPath = "";
			projectRoot = "";
			targets = (
				9F4F9C641C92DD2A0028FBA4 /* Pokedex */,
			);
		};
/* End PBXProject section */

/* Begin PBXResourcesBuildPhase section */
		9F4F9C631C92DD2A0028FBA4 /* Resources */ = {
			isa = PBXResourcesBuildPhase;
			buildActionMask = 2147483647;
			files = (
				9F4F9C731C92DD2B0028FBA4 /* LaunchScreen.storyboard in Resources */,
				9F4F9C8B1C9A92E60028FBA4 /* Pokemon.ttf in Resources */,
				9F4F9C8D1C9A9F210028FBA4 /* music.mp3 in Resources */,
				9F4F9C921CA0E30B0028FBA4 /* Main.storyboard in Resources */,
				9F4F9C701C92DD2B0028FBA4 /* Assets.xcassets in Resources */,
				9F4F9C7B1C94DED50028FBA4 /* pokemon.csv in Resources */,
			);
			runOnlyForDeploymentPostprocessing = 0;
		};
/* End PBXResourcesBuildPhase section */

/* Begin PBXShellScriptBuildPhase section */
		59E625FC9C3AF94A1F2D2BEE /* [CP] Copy Pods Resources */ = {
			isa = PBXShellScriptBuildPhase;
			buildActionMask = 2147483647;
			files = (
			);
			inputPaths = (
			);
			name = "[CP] Copy Pods Resources";
			outputPaths = (
			);
			runOnlyForDeploymentPostprocessing = 0;
			shellPath = /bin/sh;
			shellScript = "\"${SRCROOT}/Pods/Target Support Files/Pods-Pokedex/Pods-Pokedex-resources.sh\"\n";
			showEnvVarsInLog = 0;
		};
		D99D332EB23FA000C5672854 /* [CP] Check Pods Manifest.lock */ = {
			isa = PBXShellScriptBuildPhase;
			buildActionMask = 2147483647;
			files = (
			);
			inputPaths = (
			);
			name = "[CP] Check Pods Manifest.lock";
			outputPaths = (
			);
			runOnlyForDeploymentPostprocessing = 0;
			shellPath = /bin/sh;
			shellScript = "diff \"${PODS_ROOT}/../Podfile.lock\" \"${PODS_ROOT}/Manifest.lock\" > /dev/null\nif [ $? != 0 ] ; then\n    # print error to STDERR\n    echo \"error: The sandbox is not in sync with the Podfile.lock. Run 'pod install' or update your CocoaPods installation.\" >&2\n    exit 1\nfi\n";
			showEnvVarsInLog = 0;
		};
		FCEB4A8284C95D042F112A67 /* [CP] Embed Pods Frameworks */ = {
			isa = PBXShellScriptBuildPhase;
			buildActionMask = 2147483647;
			files = (
			);
			inputPaths = (
			);
			name = "[CP] Embed Pods Frameworks";
			outputPaths = (
			);
			runOnlyForDeploymentPostprocessing = 0;
			shellPath = /bin/sh;
			shellScript = "\"${SRCROOT}/Pods/Target Support Files/Pods-Pokedex/Pods-Pokedex-frameworks.sh\"\n";
			showEnvVarsInLog = 0;
		};
/* End PBXShellScriptBuildPhase section */

/* Begin PBXSourcesBuildPhase section */
		9F4F9C611C92DD2A0028FBA4 /* Sources */ = {
			isa = PBXSourcesBuildPhase;
			buildActionMask = 2147483647;
			files = (
				9F4F9C831C9A60BE0028FBA4 /* PokeCell.swift in Sources */,
				9F4F9C6B1C92DD2B0028FBA4 /* ViewController.swift in Sources */,
				9F4F9C691C92DD2A0028FBA4 /* AppDelegate.swift in Sources */,
				9F4F9C8F1CA0CAB00028FBA4 /* PokemonDetailVC.swift in Sources */,
				9F07184E1CA5652F00813262 /* Constants.swift in Sources */,
				9F4F9C7E1C98B9060028FBA4 /* Pokemon.swift in Sources */,
				9F4F9C851C9A80040028FBA4 /* csv.swift in Sources */,
			);
			runOnlyForDeploymentPostprocessing = 0;
		};
/* End PBXSourcesBuildPhase section */

/* Begin PBXVariantGroup section */
		9F4F9C711C92DD2B0028FBA4 /* LaunchScreen.storyboard */ = {
			isa = PBXVariantGroup;
			children = (
				9F4F9C721C92DD2B0028FBA4 /* Base */,
			);
			name = LaunchScreen.storyboard;
			sourceTree = "<group>";
		};
		9F4F9C901CA0E30B0028FBA4 /* Main.storyboard */ = {
			isa = PBXVariantGroup;
			children = (
				9F4F9C911CA0E30B0028FBA4 /* Base */,
			);
			name = Main.storyboard;
			path = ..;
			sourceTree = "<group>";
		};
/* End PBXVariantGroup section */

/* Begin XCBuildConfiguration section */
		9F4F9C751C92DD2B0028FBA4 /* Debug */ = {
			isa = XCBuildConfiguration;
			buildSettings = {
				ALWAYS_SEARCH_USER_PATHS = NO;
				CLANG_CXX_LANGUAGE_STANDARD = "gnu++0x";
				CLANG_CXX_LIBRARY = "libc++";
				CLANG_ENABLE_MODULES = YES;
				CLANG_ENABLE_OBJC_ARC = YES;
				CLANG_WARN_BOOL_CONVERSION = YES;
				CLANG_WARN_CONSTANT_CONVERSION = YES;
				CLANG_WARN_DIRECT_OBJC_ISA_USAGE = YES_ERROR;
				CLANG_WARN_EMPTY_BODY = YES;
				CLANG_WARN_ENUM_CONVERSION = YES;
				CLANG_WARN_INT_CONVERSION = YES;
				CLANG_WARN_OBJC_ROOT_CLASS = YES_ERROR;
				CLANG_WARN_UNREACHABLE_CODE = YES;
				CLANG_WARN__DUPLICATE_METHOD_MATCH = YES;
				"CODE_SIGN_IDENTITY[sdk=iphoneos*]" = "iPhone Developer";
				COPY_PHASE_STRIP = NO;
				DEBUG_INFORMATION_FORMAT = dwarf;
				ENABLE_STRICT_OBJC_MSGSEND = YES;
				ENABLE_TESTABILITY = YES;
				GCC_C_LANGUAGE_STANDARD = gnu99;
				GCC_DYNAMIC_NO_PIC = NO;
				GCC_NO_COMMON_BLOCKS = YES;
				GCC_OPTIMIZATION_LEVEL = 0;
				GCC_PREPROCESSOR_DEFINITIONS = (
					"DEBUG=1",
					"$(inherited)",
				);
				GCC_WARN_64_TO_32_BIT_CONVERSION = YES;
				GCC_WARN_ABOUT_RETURN_TYPE = YES_ERROR;
				GCC_WARN_UNDECLARED_SELECTOR = YES;
				GCC_WARN_UNINITIALIZED_AUTOS = YES_AGGRESSIVE;
				GCC_WARN_UNUSED_FUNCTION = YES;
				GCC_WARN_UNUSED_VARIABLE = YES;
				IPHONEOS_DEPLOYMENT_TARGET = 10.0;
				MTL_ENABLE_DEBUG_INFO = YES;
				ONLY_ACTIVE_ARCH = YES;
				SDKROOT = iphoneos;
				SWIFT_OPTIMIZATION_LEVEL = "-Onone";
			};
			name = Debug;
		};
		9F4F9C761C92DD2B0028FBA4 /* Release */ = {
			isa = XCBuildConfiguration;
			buildSettings = {
				ALWAYS_SEARCH_USER_PATHS = NO;
				CLANG_CXX_LANGUAGE_STANDARD = "gnu++0x";
				CLANG_CXX_LIBRARY = "libc++";
				CLANG_ENABLE_MODULES = YES;
				CLANG_ENABLE_OBJC_ARC = YES;
				CLANG_WARN_BOOL_CONVERSION = YES;
				CLANG_WARN_CONSTANT_CONVERSION = YES;
				CLANG_WARN_DIRECT_OBJC_ISA_USAGE = YES_ERROR;
				CLANG_WARN_EMPTY_BODY = YES;
				CLANG_WARN_ENUM_CONVERSION = YES;
				CLANG_WARN_INT_CONVERSION = YES;
				CLANG_WARN_OBJC_ROOT_CLASS = YES_ERROR;
				CLANG_WARN_UNREACHABLE_CODE = YES;
				CLANG_WARN__DUPLICATE_METHOD_MATCH = YES;
				"CODE_SIGN_IDENTITY[sdk=iphoneos*]" = "iPhone Developer";
				COPY_PHASE_STRIP = NO;
				DEBUG_INFORMATION_FORMAT = "dwarf-with-dsym";
				ENABLE_NS_ASSERTIONS = NO;
				ENABLE_STRICT_OBJC_MSGSEND = YES;
				GCC_C_LANGUAGE_STANDARD = gnu99;
				GCC_NO_COMMON_BLOCKS = YES;
				GCC_WARN_64_TO_32_BIT_CONVERSION = YES;
				GCC_WARN_ABOUT_RETURN_TYPE = YES_ERROR;
				GCC_WARN_UNDECLARED_SELECTOR = YES;
				GCC_WARN_UNINITIALIZED_AUTOS = YES_AGGRESSIVE;
				GCC_WARN_UNUSED_FUNCTION = YES;
				GCC_WARN_UNUSED_VARIABLE = YES;
				IPHONEOS_DEPLOYMENT_TARGET = 10.0;
				MTL_ENABLE_DEBUG_INFO = NO;
				SDKROOT = iphoneos;
				VALIDATE_PRODUCT = YES;
			};
			name = Release;
		};
		9F4F9C781C92DD2B0028FBA4 /* Debug */ = {
			isa = XCBuildConfiguration;
			baseConfigurationReference = 5033AF20653F5EF6767BEBE5 /* Pods-Pokedex.debug.xcconfig */;
			buildSettings = {
				ASSETCATALOG_COMPILER_APPICON_NAME = AppIcon;
				DEVELOPMENT_TEAM = VWFZU9229C;
				INFOPLIST_FILE = Pokedex/Info.plist;
				IPHONEOS_DEPLOYMENT_TARGET = 10.0;
				LD_RUNPATH_SEARCH_PATHS = "$(inherited) @executable_path/Frameworks";
				PRODUCT_BUNDLE_IDENTIFIER = com.appcoda.Pokedex;
				PRODUCT_NAME = "$(TARGET_NAME)";
				SWIFT_VERSION = 3.0;
			};
			name = Debug;
		};
		9F4F9C791C92DD2B0028FBA4 /* Release */ = {
			isa = XCBuildConfiguration;
			baseConfigurationReference = 72DDED1DA782B027487BF682 /* Pods-Pokedex.release.xcconfig */;
			buildSettings = {
				ASSETCATALOG_COMPILER_APPICON_NAME = AppIcon;
				DEVELOPMENT_TEAM = VWFZU9229C;
				INFOPLIST_FILE = Pokedex/Info.plist;
				IPHONEOS_DEPLOYMENT_TARGET = 10.0;
				LD_RUNPATH_SEARCH_PATHS = "$(inherited) @executable_path/Frameworks";
				PRODUCT_BUNDLE_IDENTIFIER = com.appcoda.Pokedex;
				PRODUCT_NAME = "$(TARGET_NAME)";
				SWIFT_VERSION = 3.0;
			};
			name = Release;
		};
/* End XCBuildConfiguration section */

/* Begin XCConfigurationList section */
		9F4F9C601C92DD2A0028FBA4 /* Build configuration list for PBXProject "Pokedex" */ = {
			isa = XCConfigurationList;
			buildConfigurations = (
				9F4F9C751C92DD2B0028FBA4 /* Debug */,
				9F4F9C761C92DD2B0028FBA4 /* Release */,
			);
			defaultConfigurationIsVisible = 0;
			defaultConfigurationName = Release;
		};
		9F4F9C771C92DD2B0028FBA4 /* Build configuration list for PBXNativeTarget "Pokedex" */ = {
			isa = XCConfigurationList;
			buildConfigurations = (
				9F4F9C781C92DD2B0028FBA4 /* Debug */,
				9F4F9C791C92DD2B0028FBA4 /* Release */,
			);
			defaultConfigurationIsVisible = 0;
			defaultConfigurationName = Release;
		};
/* End XCConfigurationList section */
	};
	rootObject = 9F4F9C5D1C92DD2A0028FBA4 /* Project object */;
}
